
Microsoft Visual Studio Solution File, Format Version 12.00
# Visual Studio Version 17
VisualStudioVersion = 17.7.34003.232
MinimumVisualStudioVersion = 10.0.40219.1
Project("{FAE04EC0-301F-11D3-BF4B-00C04F79EFBC}") = "Myfirstapp1", "Myfirstapp1\Myfirstapp1.csproj", "{0E8C7D93-57C2-4F43-A287-72CFD48425C9}"
EndProject
Global
	GlobalSection(SolutionConfigurationPlatforms) = preSolution
		Debug|Any CPU = Debug|Any CPU
		Release|Any CPU = Release|Any CPU
	EndGlobalSection
	GlobalSection(ProjectConfigurationPlatforms) = postSolution
		{0E8C7D93-57C2-4F43-A287-72CFD48425C9}.Debug|Any CPU.ActiveCfg = Debug|Any CPU
		{0E8C7D93-57C2-4F43-A287-72CFD48425C9}.Debug|Any CPU.Build.0 = Debug|Any CPU
		{0E8C7D93-57C2-4F43-A287-72CFD48425C9}.Release|Any CPU.ActiveCfg = Release|Any CPU
		{0E8C7D93-57C2-4F43-A287-72CFD48425C9}.Release|Any CPU.Build.0 = Release|Any CPU
	EndGlobalSection
	GlobalSection(SolutionProperties) = preSolution
		HideSolutionNode = FALSE
	EndGlobalSection
	GlobalSection(ExtensibilityGlobals) = postSolution
		SolutionGuid = {2F1A6953-0FFE-4A39-82C6-EDCFFDBC8132}
	EndGlobalSection
EndGlobal
